// !$*UTF8*$!
{
	archiveVersion = 1;
	classes = {
	};
	objectVersion = 46;
	objects = {

/* Begin PBXBuildFile section */
		2D0064FD1C71B1B100985737 /* main.m in Sources */ = {isa = PBXBuildFile; fileRef = 2D0064FC1C71B1B100985737 /* main.m */; };
		2D0065001C71B1B100985737 /* AppDelegate.m in Sources */ = {isa = PBXBuildFile; fileRef = 2D0064FF1C71B1B100985737 /* AppDelegate.m */; };
		2D0065031C71B1B100985737 /* ViewController.m in Sources */ = {isa = PBXBuildFile; fileRef = 2D0065021C71B1B100985737 /* ViewController.m */; };
		2D0065061C71B1B100985737 /* Main.storyboard in Resources */ = {isa = PBXBuildFile; fileRef = 2D0065041C71B1B100985737 /* Main.storyboard */; };
		2D0065081C71B1B100985737 /* Images.xcassets in Resources */ = {isa = PBXBuildFile; fileRef = 2D0065071C71B1B100985737 /* Images.xcassets */; };
		2D00650B1C71B1B100985737 /* LaunchScreen.xib in Resources */ = {isa = PBXBuildFile; fileRef = 2D0065091C71B1B100985737 /* LaunchScreen.xib */; };
		2D0065171C71B1B100985737 /* SimpleTableExampleTests.m in Sources */ = {isa = PBXBuildFile; fileRef = 2D0065161C71B1B100985737 /* SimpleTableExampleTests.m */; };
/* End PBXBuildFile section */

/* Begin PBXContainerItemProxy section */
		2D0065111C71B1B100985737 /* PBXContainerItemProxy */ = {
			isa = PBXContainerItemProxy;
			containerPortal = 2D0064EF1C71B1B100985737 /* Project object */;
			proxyType = 1;
			remoteGlobalIDString = 2D0064F61C71B1B100985737;
			remoteInfo = SimpleTableExample;
		};
/* End PBXContainerItemProxy section */

/* Begin PBXFileReference section */
		2D0064F71C71B1B100985737 /* SimpleTableExample.app */ = {isa = PBXFileReference; explicitFileType = wrapper.application; includeInIndex = 0; path = SimpleTableExample.app; sourceTree = BUILT_PRODUCTS_DIR; };
		2D0064FB1C71B1B100985737 /* Info.plist */ = {isa = PBXFileReference; lastKnownFileType = text.plist.xml; path = Info.plist; sourceTree = "<group>"; };
		2D0064FC1C71B1B100985737 /* main.m */ = {isa = PBXFileReference; lastKnownFileType = sourcecode.c.objc; path = main.m; sourceTree = "<group>"; };
		2D0064FE1C71B1B100985737 /* AppDelegate.h */ = {isa = PBXFileReference; lastKnownFileType = sourcecode.c.h; path = AppDelegate.h; sourceTree = "<group>"; };
		2D0064FF1C71B1B100985737 /* AppDelegate.m */ = {isa = PBXFileReference; lastKnownFileType = sourcecode.c.objc; path = AppDelegate.m; sourceTree = "<group>"; };
		2D0065011C71B1B100985737 /* ViewController.h */ = {isa = PBXFileReference; lastKnownFileType = sourcecode.c.h; path = ViewController.h; sourceTree = "<group>"; };
		2D0065021C71B1B100985737 /* ViewController.m */ = {isa = PBXFileReference; lastKnownFileType = sourcecode.c.objc; path = ViewController.m; sourceTree = "<group>"; };
		2D0065051C71B1B100985737 /* Base */ = {isa = PBXFileReference; lastKnownFileType = file.storyboard; name = Base; path = Base.lproj/Main.storyboard; sourceTree = "<group>"; };
		2D0065071C71B1B100985737 /* Images.xcassets */ = {isa = PBXFileReference; lastKnownFileType = folder.assetcatalog; path = Images.xcassets; sourceTree = "<group>"; };
		2D00650A1C71B1B100985737 /* Base */ = {isa = PBXFileReference; lastKnownFileType = file.xib; name = Base; path = Base.lproj/LaunchScreen.xib; sourceTree = "<group>"; };
		2D0065101C71B1B100985737 /* SimpleTableExampleTests.xctest */ = {isa = PBXFileReference; explicitFileType = wrapper.cfbundle; includeInIndex = 0; path = SimpleTableExampleTests.xctest; sourceTree = BUILT_PRODUCTS_DIR; };
		2D0065151C71B1B100985737 /* Info.plist */ = {isa = PBXFileReference; lastKnownFileType = text.plist.xml; path = Info.plist; sourceTree = "<group>"; };
		2D0065161C71B1B100985737 /* SimpleTableExampleTests.m */ = {isa = PBXFileReference; lastKnownFileType = sourcecode.c.objc; path = SimpleTableExampleTests.m; sourceTree = "<group>"; };
/* End PBXFileReference section */

/* Begin PBXFrameworksBuildPhase section */
		2D0064F41C71B1B100985737 /* Frameworks */ = {
			isa = PBXFrameworksBuildPhase;
			buildActionMask = 2147483647;
			files = (
			);
			runOnlyForDeploymentPostprocessing = 0;
		};
		2D00650D1C71B1B100985737 /* Frameworks */ = {
			isa = PBXFrameworksBuildPhase;
			buildActionMask = 2147483647;
			files = (
			);
			runOnlyForDeploymentPostprocessing = 0;
		};
/* End PBXFrameworksBuildPhase section */

/* Begin PBXGroup section */
		2D0064EE1C71B1B100985737 = {
			isa = PBXGroup;
			children = (
				2D0064F91C71B1B100985737 /* SimpleTableExample */,
				2D0065131C71B1B100985737 /* SimpleTableExampleTests */,
				2D0064F81C71B1B100985737 /* Products */,
			);
			sourceTree = "<group>";
		};
		2D0064F81C71B1B100985737 /* Products */ = {
			isa = PBXGroup;
			children = (
				2D0064F71C71B1B100985737 /* SimpleTableExample.app */,
				2D0065101C71B1B100985737 /* SimpleTableExampleTests.xctest */,
			);
			name = Products;
			sourceTree = "<group>";
		};
		2D0064F91C71B1B100985737 /* SimpleTableExample */ = {
			isa = PBXGroup;
			children = (
				2D0064FE1C71B1B100985737 /* AppDelegate.h */,
				2D0064FF1C71B1B100985737 /* AppDelegate.m */,
				2D0065011C71B1B100985737 /* ViewController.h */,
				2D0065021C71B1B100985737 /* ViewController.m */,
				2D0065041C71B1B100985737 /* Main.storyboard */,
				2D0065071C71B1B100985737 /* Images.xcassets */,
				2D0065091C71B1B100985737 /* LaunchScreen.xib */,
				2D0064FA1C71B1B100985737 /* Supporting Files */,
			);
			path = SimpleTableExample;
			sourceTree = "<group>";
		};
		2D0064FA1C71B1B100985737 /* Supporting Files */ = {
			isa = PBXGroup;
			children = (
				2D0064FB1C71B1B100985737 /* Info.plist */,
				2D0064FC1C71B1B100985737 /* main.m */,
			);
			name = "Supporting Files";
			sourceTree = "<group>";
		};
		2D0065131C71B1B100985737 /* SimpleTableExampleTests */ = {
			isa = PBXGroup;
			children = (
				2D0065161C71B1B100985737 /* SimpleTableExampleTests.m */,
				2D0065141C71B1B100985737 /* Supporting Files */,
			);
			path = SimpleTableExampleTests;
			sourceTree = "<group>";
		};
		2D0065141C71B1B100985737 /* Supporting Files */ = {
			isa = PBXGroup;
			children = (
				2D0065151C71B1B100985737 /* Info.plist */,
			);
			name = "Supporting Files";
			sourceTree = "<group>";
		};
/* End PBXGroup section */

/* Begin PBXNativeTarget section */
		2D0064F61C71B1B100985737 /* SimpleTableExample */ = {
			isa = PBXNativeTarget;
			buildConfigurationList = 2D00651A1C71B1B100985737 /* Build configuration list for PBXNativeTarget "SimpleTableExample" */;
			buildPhases = (
				2D0064F31C71B1B100985737 /* Sources */,
				2D0064F41C71B1B100985737 /* Frameworks */,
				2D0064F51C71B1B100985737 /* Resources */,
			);
			buildRules = (
			);
			dependencies = (
			);
			name = SimpleTableExample;
			productName = SimpleTableExample;
			productReference = 2D0064F71C71B1B100985737 /* SimpleTableExample.app */;
			productType = "com.apple.product-type.application";
		};
		2D00650F1C71B1B100985737 /* SimpleTableExampleTests */ = {
			isa = PBXNativeTarget;
			buildConfigurationList = 2D00651D1C71B1B100985737 /* Build configuration list for PBXNativeTarget "SimpleTableExampleTests" */;
			buildPhases = (
				2D00650C1C71B1B100985737 /* Sources */,
				2D00650D1C71B1B100985737 /* Frameworks */,
				2D00650E1C71B1B100985737 /* Resources */,
			);
			buildRules = (
			);
			dependencies = (
				2D0065121C71B1B100985737 /* PBXTargetDependency */,
			);
			name = SimpleTableExampleTests;
			productName = SimpleTableExampleTests;
			productReference = 2D0065101C71B1B100985737 /* SimpleTableExampleTests.xctest */;
			productType = "com.apple.product-type.bundle.unit-test";
		};
/* End PBXNativeTarget section */

/* Begin PBXProject section */
		2D0064EF1C71B1B100985737 /* Project object */ = {
			isa = PBXProject;
			attributes = {
				LastUpgradeCheck = 0640;
				ORGANIZATIONNAME = droid;
				TargetAttributes = {
					2D0064F61C71B1B100985737 = {
						CreatedOnToolsVersion = 6.4;
					};
					2D00650F1C71B1B100985737 = {
						CreatedOnToolsVersion = 6.4;
						TestTargetID = 2D0064F61C71B1B100985737;
					};
				};
			};
			buildConfigurationList = 2D0064F21C71B1B100985737 /* Build configuration list for PBXProject "SimpleTableExample" */;
			compatibilityVersion = "Xcode 3.2";
			developmentRegion = English;
			hasScannedForEncodings = 0;
			knownRegions = (
				en,
				Base,
			);
			mainGroup = 2D0064EE1C71B1B100985737;
			productRefGroup = 2D0064F81C71B1B100985737 /* Products */;
			projectDirPath = "";
			projectRoot = "";
			targets = (
				2D0064F61C71B1B100985737 /* SimpleTableExample */,
				2D00650F1C71B1B100985737 /* SimpleTableExampleTests */,
			);
		};
/* End PBXProject section */

/* Begin PBXResourcesBuildPhase section */
		2D0064F51C71B1B100985737 /* Resources */ = {
			isa = PBXResourcesBuildPhase;
			buildActionMask = 2147483647;
			files = (
				2D0065061C71B1B100985737 /* Main.storyboard in Resources */,
				2D00650B1C71B1B100985737 /* LaunchScreen.xib in Resources */,
				2D0065081C71B1B100985737 /* Images.xcassets in Resources */,
			);
			runOnlyForDeploymentPostprocessing = 0;
		};
		2D00650E1C71B1B100985737 /* Resources */ = {
			isa = PBXResourcesBuildPhase;
			buildActionMask = 2147483647;
			files = (
			);
			runOnlyForDeploymentPostprocessing = 0;
		};
/* End PBXResourcesBuildPhase section */

/* Begin PBXSourcesBuildPhase section */
		2D0064F31C71B1B100985737 /* Sources */ = {
			isa = PBXSourcesBuildPhase;
			buildActionMask = 2147483647;
			files = (
				2D0065031C71B1B100985737 /* ViewController.m in Sources */,
				2D0065001C71B1B100985737 /* AppDelegate.m in Sources */,
				2D0064FD1C71B1B100985737 /* main.m in Sources */,
			);
			runOnlyForDeploymentPostprocessing = 0;
		};
		2D00650C1C71B1B100985737 /* Sources */ = {
			isa = PBXSourcesBuildPhase;
			buildActionMask = 2147483647;
			files = (
				2D0065171C71B1B100985737 /* SimpleTableExampleTests.m in Sources */,
			);
			runOnlyForDeploymentPostprocessing = 0;
		};
/* End PBXSourcesBuildPhase section */

/* Begin PBXTargetDependency section */
		2D0065121C71B1B100985737 /* PBXTargetDependency */ = {
			isa = PBXTargetDependency;
			target = 2D0064F61C71B1B100985737 /* SimpleTableExample */;
			targetProxy = 2D0065111C71B1B100985737 /* PBXContainerItemProxy */;
		};
/* End PBXTargetDependency section */

/* Begin PBXVariantGroup section */
		2D0065041C71B1B100985737 /* Main.storyboard */ = {
			isa = PBXVariantGroup;
			children = (
				2D0065051C71B1B100985737 /* Base */,
			);
			name = Main.storyboard;
			sourceTree = "<group>";
		};
		2D0065091C71B1B100985737 /* LaunchScreen.xib */ = {
			isa = PBXVariantGroup;
			children = (
				2D00650A1C71B1B100985737 /* Base */,
			);
			name = LaunchScreen.xib;
			sourceTree = "<group>";
		};
/* End PBXVariantGroup section */

/* Begin XCBuildConfiguration section */
		2D0065181C71B1B100985737 /* Debug */ = {
			isa = XCBuildConfiguration;
			buildSettings = {
				ALWAYS_SEARCH_USER_PATHS = NO;
				CLANG_CXX_LANGUAGE_STANDARD = "gnu++0x";
				CLANG_CXX_LIBRARY = "libc++";
				CLANG_ENABLE_MODULES = YES;
				CLANG_ENABLE_OBJC_ARC = YES;
				CLANG_WARN_BOOL_CONVERSION = YES;
				CLANG_WARN_CONSTANT_CONVERSION = YES;
				CLANG_WARN_DIRECT_OBJC_ISA_USAGE = YES_ERROR;
				CLANG_WARN_EMPTY_BODY = YES;
				CLANG_WARN_ENUM_CONVERSION = YES;
				CLANG_WARN_INT_CONVERSION = YES;
				CLANG_WARN_OBJC_ROOT_CLASS = YES_ERROR;
				CLANG_WARN_UNREACHABLE_CODE = YES;
				CLANG_WARN__DUPLICATE_METHOD_MATCH = YES;
				"CODE_SIGN_IDENTITY[sdk=iphoneos*]" = "iPhone Developer";
				COPY_PHASE_STRIP = NO;
				DEBUG_INFORMATION_FORMAT = "dwarf-with-dsym";
				ENABLE_STRICT_OBJC_MSGSEND = YES;
				GCC_C_LANGUAGE_STANDARD = gnu99;
				GCC_DYNAMIC_NO_PIC = NO;
				GCC_NO_COMMON_BLOCKS = YES;
				GCC_OPTIMIZATION_LEVEL = 0;
				GCC_PREPROCESSOR_DEFINITIONS = (
					"DEBUG=1",
					"$(inherited)",
				);
				GCC_SYMBOLS_PRIVATE_EXTERN = NO;
				GCC_WARN_64_TO_32_BIT_CONVERSION = YES;
				GCC_WARN_ABOUT_RETURN_TYPE = YES_ERROR;
				GCC_WARN_UNDECLARED_SELECTOR = YES;
				GCC_WARN_UNINITIALIZED_AUTOS = YES_AGGRESSIVE;
				GCC_WARN_UNUSED_FUNCTION = YES;
				GCC_WARN_UNUSED_VARIABLE = YES;
				IPHONEOS_DEPLOYMENT_TARGET = 8.4;
				MTL_ENABLE_DEBUG_INFO = YES;
				ONLY_ACTIVE_ARCH = YES;
				SDKROOT = iphoneos;
				TARGETED_DEVICE_FAMILY = "1,2";
			};
			name = Debug;
		};
		2D0065191C71B1B100985737 /* Release */ = {
			isa = XCBuildConfiguration;
			buildSettings = {
				ALWAYS_SEARCH_USER_PATHS = NO;
				CLANG_CXX_LANGUAGE_STANDARD = "gnu++0x";
				CLANG_CXX_LIBRARY = "libc++";
				CLANG_ENABLE_MODULES = YES;
				CLANG_ENABLE_OBJC_ARC = YES;
				CLANG_WARN_BOOL_CONVERSION = YES;
				CLANG_WARN_CONSTANT_CONVERSION = YES;
				CLANG_WARN_DIRECT_OBJC_ISA_USAGE = YES_ERROR;
				CLANG_WARN_EMPTY_BODY = YES;
				CLANG_WARN_ENUM_CONVERSION = YES;
				CLANG_WARN_INT_CONVERSION = YES;
				CLANG_WARN_OBJC_ROOT_CLASS = YES_ERROR;
				CLANG_WARN_UNREACHABLE_CODE = YES;
				CLANG_WARN__DUPLICATE_METHOD_MATCH = YES;
				"CODE_SIGN_IDENTITY[sdk=iphoneos*]" = "iPhone Developer";
				COPY_PHASE_STRIP = NO;
				DEBUG_INFORMATION_FORMAT = "dwarf-with-dsym";
				ENABLE_NS_ASSERTIONS = NO;
				ENABLE_STRICT_OBJC_MSGSEND = YES;
				GCC_C_LANGUAGE_STANDARD = gnu99;
				GCC_NO_COMMON_BLOCKS = YES;
				GCC_WARN_64_TO_32_BIT_CONVERSION = YES;
				GCC_WARN_ABOUT_RETURN_TYPE = YES_ERROR;
				GCC_WARN_UNDECLARED_SELECTOR = YES;
				GCC_WARN_UNINITIALIZED_AUTOS = YES_AGGRESSIVE;
				GCC_WARN_UNUSED_FUNCTION = YES;
				GCC_WARN_UNUSED_VARIABLE = YES;
				IPHONEOS_DEPLOYMENT_TARGET = 8.4;
				MTL_ENABLE_DEBUG_INFO = NO;
				SDKROOT = iphoneos;
				TARGETED_DEVICE_FAMILY = "1,2";
				VALIDATE_PRODUCT = YES;
			};
			name = Release;
		};
		2D00651B1C71B1B100985737 /* Debug */ = {
			isa = XCBuildConfiguration;
			buildSettings = {
				ASSETCATALOG_COMPILER_APPICON_NAME = AppIcon;
				INFOPLIST_FILE = SimpleTableExample/Info.plist;
				LD_RUNPATH_SEARCH_PATHS = "$(inherited) @executable_path/Frameworks";
				PRODUCT_NAME = "$(TARGET_NAME)";
			};
			name = Debug;
		};
		2D00651C1C71B1B100985737 /* Release */ = {
			isa = XCBuildConfiguration;
			buildSettings = {
				ASSETCATALOG_COMPILER_APPICON_NAME = AppIcon;
				INFOPLIST_FILE = SimpleTableExample/Info.plist;
				LD_RUNPATH_SEARCH_PATHS = "$(inherited) @executable_path/Frameworks";
				PRODUCT_NAME = "$(TARGET_NAME)";
			};
			name = Release;
		};
		2D00651E1C71B1B100985737 /* Debug */ = {
			isa = XCBuildConfiguration;
			buildSettings = {
				BUNDLE_LOADER = "$(TEST_HOST)";
				FRAMEWORK_SEARCH_PATHS = (
					"$(SDKROOT)/Developer/Library/Frameworks",
					"$(inherited)",
				);
				GCC_PREPROCESSOR_DEFINITIONS = (
					"DEBUG=1",
					"$(inherited)",
				);
				INFOPLIST_FILE = SimpleTableExampleTests/Info.plist;
				LD_RUNPATH_SEARCH_PATHS = "$(inherited) @executable_path/Frameworks @loader_path/Frameworks";
				PRODUCT_NAME = "$(TARGET_NAME)";
				TEST_HOST = "$(BUILT_PRODUCTS_DIR)/SimpleTableExample.app/SimpleTableExample";
			};
			name = Debug;
		};
		2D00651F1C71B1B100985737 /* Release */ = {
			isa = XCBuildConfiguration;
			buildSettings = {
				BUNDLE_LOADER = "$(TEST_HOST)";
				FRAMEWORK_SEARCH_PATHS = (
					"$(SDKROOT)/Developer/Library/Frameworks",
					"$(inherited)",
				);
				INFOPLIST_FILE = SimpleTableExampleTests/Info.plist;
				LD_RUNPATH_SEARCH_PATHS = "$(inherited) @executable_path/Frameworks @loader_path/Frameworks";
				PRODUCT_NAME = "$(TARGET_NAME)";
				TEST_HOST = "$(BUILT_PRODUCTS_DIR)/SimpleTableExample.app/SimpleTableExample";
			};
			name = Release;
		};
/* End XCBuildConfiguration section */

/* Begin XCConfigurationList section */
		2D0064F21C71B1B100985737 /* Build configuration list for PBXProject "SimpleTableExample" */ = {
			isa = XCConfigurationList;
			buildConfigurations = (
				2D0065181C71B1B100985737 /* Debug */,
				2D0065191C71B1B100985737 /* Release */,
			);
			defaultConfigurationIsVisible = 0;
			defaultConfigurationName = Release;
		};
		2D00651A1C71B1B100985737 /* Build configuration list for PBXNativeTarget "SimpleTableExample" */ = {
			isa = XCConfigurationList;
			buildConfigurations = (
				2D00651B1C71B1B100985737 /* Debug */,
				2D00651C1C71B1B100985737 /* Release */,
			);
			defaultConfigurationIsVisible = 0;
		};
		2D00651D1C71B1B100985737 /* Build configuration list for PBXNativeTarget "SimpleTableExampleTests" */ = {
			isa = XCConfigurationList;
			buildConfigurations = (
				2D00651E1C71B1B100985737 /* Debug */,
				2D00651F1C71B1B100985737 /* Release */,
			);
			defaultConfigurationIsVisible = 0;
		};
/* End XCConfigurationList section */
	};
	rootObject = 2D0064EF1C71B1B100985737 /* Project object */;
}
